{
  "name": "backend-test",
  "version": "1.0.0",
  "lockfileVersion": 1,
  "requires": true,
  "dependencies": {
    "@prisma/client": {
      "version": "4.2.1",
      "resolved": "https://registry.npmjs.org/@prisma/client/-/client-4.2.1.tgz",
      "integrity": "sha512-PZBkY60+k5oix+e6IUfl3ub8TbRLNsPLdfWrdy2eh80WcHTaT+/UfvXf/B7gXedH7FRtbPFHZXk1hZenJiJZFQ==",
      "requires": {
        "@prisma/engines-version": "4.2.0-33.2920a97877e12e055c1333079b8d19cee7f33826"
      }
    },
    "@prisma/engines": {
      "version": "4.2.1",
      "resolved": "https://registry.npmjs.org/@prisma/engines/-/engines-4.2.1.tgz",
      "integrity": "sha512-0KqBwREUOjBiHwITsQzw2DWfLHjntvbqzGRawj4sBMnIiL5CXwyDUKeHOwXzKMtNr1rEjxEsypM14g0CzLRK3g==",
      "dev": true
    },
    "@prisma/engines-version": {
      "version": "4.2.0-33.2920a97877e12e055c1333079b8d19cee7f33826",
      "resolved": "https://registry.npmjs.org/@prisma/engines-version/-/engines-version-4.2.0-33.2920a97877e12e055c1333079b8d19cee7f33826.tgz",
      "integrity": "sha512-tktkqdiwqE4QhmE088boPt+FwPj1Jub/zk+5F6sEfcRHzO5yz9jyMD5HFVtiwxZPLx/8Xg9ElnuTi8E5lWVQFQ=="
    },
    "prisma": {
      "version": "4.2.1",
      "dev": true,
      "requires": {
        "@prisma/engines": "4.2.1"
      }
    }
  }
}
